
Microsoft Visual Studio Solution File, Format Version 12.00
# Visual Studio Version 17
VisualStudioVersion = 17.3.32922.545
MinimumVisualStudioVersion = 10.0.40219.1
Project("{FAE04EC0-301F-11D3-BF4B-00C04F79EFBC}") = "Hometask1", "Hometask1.csproj", "{CED314BD-E61D-4F60-8092-42EC25E85C60}"
EndProject
Global
	GlobalSection(SolutionConfigurationPlatforms) = preSolution
		Debug|Any CPU = Debug|Any CPU
		Release|Any CPU = Release|Any CPU
	EndGlobalSection
	GlobalSection(ProjectConfigurationPlatforms) = postSolution
		{CED314BD-E61D-4F60-8092-42EC25E85C60}.Debug|Any CPU.ActiveCfg = Debug|Any CPU
		{CED314BD-E61D-4F60-8092-42EC25E85C60}.Debug|Any CPU.Build.0 = Debug|Any CPU
		{CED314BD-E61D-4F60-8092-42EC25E85C60}.Release|Any CPU.ActiveCfg = Release|Any CPU
		{CED314BD-E61D-4F60-8092-42EC25E85C60}.Release|Any CPU.Build.0 = Release|Any CPU
	EndGlobalSection
	GlobalSection(SolutionProperties) = preSolution
		HideSolutionNode = FALSE
	EndGlobalSection
	GlobalSection(ExtensibilityGlobals) = postSolution
		SolutionGuid = {BF292CD4-5687-435F-B61F-EB9D7EE006C7}
	EndGlobalSection
EndGlobal
